lockfileVersion: '9.0'

settings:
  autoInstallPeers: true
  excludeLinksFromLockfile: false

importers:

  .:
    dependencies:
      mysql2:
        specifier: ^3.22.5
        version: 3.22.5(@types/node@25.9.3)
      ollama:
        specifier: ^0.6.3
        version: 0.6.3
      pdf-parse:
        specifier: ^2.4.5
        version: 2.4.5
      pdf-poppler:
        specifier: ^0.2.3
        version: 0.2.3
      pdfjs-dist:
        specifier: ^6.0.227
        version: 6.0.227
      sharp:
        specifier: ^0.35.0
        version: 0.35.0
      tesseract.js:
        specifier: ^7.0.0
        version: 7.0.0
      xlsx:
        specifier: ^0.18.5
        version: 0.18.5

packages:

  '@emnapi/runtime@1.11.0':
    resolution: {integrity: sha512-55coeOFKHv1ywEcUXJtWU5f+Jr/W5tZDvZig8DLKSwUN1JpROQ4rk/SNOQiFWmaR/VKF4zuFyW1B8JduOSv6Pg==}

  '@img/colour@1.1.0':
    resolution: {integrity: sha512-Td76q7j57o/tLVdgS746cYARfSyxk8iEfRxewL9h4OMzYhbW4TAcppl0mT4eyqXddh6L/jwoM75mo7ixa/pCeQ==}
    engines: {node: '>=18'}

  '@img/sharp-darwin-arm64@0.35.0':
    resolution: {integrity: sha512-ZgaYEwaj+lx/5n4W8GmZ2IYz0PQHjN5eqRcfijWGB+2Aq7ZInZGa0qJyAn6DEtyLuWHRSrmWOqT9q3qqTBvmUQ==}
    engines: {node: '>=20.9.0'}
    cpu: [arm64]
    os: [darwin]

  '@img/sharp-darwin-x64@0.35.0':
    resolution: {integrity: sha512-c1z9LFpKB0slQW3RchwBE8iSVzGp70TNjUUO9k4BZwwW4HH7JBGHeIy4b+kk4n/kcBASb9evKCE3/7Slmslgiw==}
    engines: {node: '>=20.9.0'}
    cpu: [x64]
    os: [darwin]

  '@img/sharp-freebsd-wasm32@0.35.0':
    resolution: {integrity: sha512-Li2KTev0H90kEtnJHkI9xQojXt1AqWmFBMXiPw5kqd1jQgP7gi5HVK/qC5Rmh/59NuAwUuPzzPITmX22NomYYQ==}
    engines: {node: '>=20.9.0'}
    os: [freebsd]

  '@img/sharp-libvips-darwin-arm64@1.3.0':
    resolution: {integrity: sha512-EKbmBKtyTH+GPFDRw2TgK2oV6hyxxlJVIar4hoTYSNmIwipgMFdxPQqR392GmfdsPGWga0mCFN1cCKjRb9cljw==}
    cpu: [arm64]
    os: [darwin]

  '@img/sharp-libvips-darwin-x64@1.3.0':
    resolution: {integrity: sha512-Pl2OmOvrJ42adUllESxBsG54PfXLo1OYg9i3c5/5Ln/qJ0gZuTM9YMhQJPIbXqwidLRc/c2zuHt4RsrymmNv7A==}
    cpu: [x64]
    os: [darwin]

  '@img/sharp-libvips-linux-arm64@1.3.0':
    resolution: {integrity: sha512-C0SqjoFKnszqa44EQ7xoaT48nnO0lOyXEULfXMWi8krrjOPGYkeK30Okzla6ATbBYsyZ0ySinK0FVkpv3DwzfQ==}
    cpu: [arm64]
    os: [linux]

  '@img/sharp-libvips-linux-arm@1.3.0':
    resolution: {integrity: sha512-A8UpHoUDW4DwnXoV6+q3C1s7QLRAHtPDEjWuNZjwHMyoCNZnm0GeNN8ls9f/bsEYTRQRW96C/n34XJQHJ2fT7A==}
    cpu: [arm]
    os: [linux]

  '@img/sharp-libvips-linux-ppc64@1.3.0':
    resolution: {integrity: sha512-WOpkVxAjFd369iaIzEgNRreFD+gWdUMIGD5zplhNKNeqS6mm5dac3q2AFyCBmzYoAdouzZvRBgxy4z8QHZb4/A==}
    cpu: [ppc64]
    os: [linux]

  '@img/sharp-libvips-linux-riscv64@1.3.0':
    resolution: {integrity: sha512-DRWw0mOHusrCCuw2rqP87oLg6PGlkomVDFqw2hIwsSfwWpu4k3XLcBPaKKl6ct/GtL/cwNkgwjV/tc0Mqht3VA==}
    cpu: [riscv64]
    os: [linux]

  '@img/sharp-libvips-linux-s390x@1.3.0':
    resolution: {integrity: sha512-9APy+nFWhHS+kzLgWZfLcyrUd7YqnAQVa4BPOo4xkoHpdoktOAPG4cEr9+Jpl0TtqfVmcMJimNL5qNTyyOHZNA==}
    cpu: [s390x]
    os: [linux]

  '@img/sharp-libvips-linux-x64@1.3.0':
    resolution: {integrity: sha512-y9RNUYDe2A1UAdhLyfeOodGRszQdaEoe4nfOpp/sNVPl2CWIcUyFaDoCh4vPLPxu19803j2naLqZup2WxDXCLA==}
    cpu: [x64]
    os: [linux]

  '@img/sharp-libvips-linuxmusl-arm64@1.3.0':
    resolution: {integrity: sha512-cC1wkC0Mlucd0KSiGrLkJnB/ZqPvZCntc/Lk7ZnYO5ZSbF2euNek4Xvxafojq+wN1q/W0eprdpUIjUr/EV2PBg==}
    cpu: [arm64]
    os: [linux]

  '@img/sharp-libvips-linuxmusl-x64@1.3.0':
    resolution: {integrity: sha512-LiYMhUZicB1QG//+RvmYZpXJO8fYRENfp+MZUCnG9aw+AKvGAy9gPaCnuwsPcBFs8EV66M0NNxj9VHcNklE8zw==}
    cpu: [x64]
    os: [linux]

  '@img/sharp-linux-arm64@0.35.0':
    resolution: {integrity: sha512-4+4XHLNT5wDT0roYlHTEmH9lDKt0acf9Tv+3hM3iceOirkxrR404/3WjAYZ9F9CkHrxeRcGLJXbi4vluMZ9O+A==}
    engines: {node: '>=20.9.0'}
    cpu: [arm64]
    os: [linux]

  '@img/sharp-linux-arm@0.35.0':
    resolution: {integrity: sha512-VVlpEWwizEFIOom0zdoeKuO5nuTswzVE5uHcBNvHzmeHUpNFajY3HFfbQ+zIH4E2kVaZ/yVxmsShW56TtEy4uA==}
    engines: {node: '>=20.9.0'}
    cpu: [arm]
    os: [linux]

  '@img/sharp-linux-ppc64@0.35.0':
    resolution: {integrity: sha512-N3hzbEpUTJC8pWpPVJvgzGxM+so/MAXc8O2s/53B0LL9ZGpfXpME7Wizkc5d/8fRBlBtkDjzoZGDCqqNDHqLEw==}
    engines: {node: '>=20.9.0'}
    cpu: [ppc64]
    os: [linux]

  '@img/sharp-linux-riscv64@0.35.0':
    resolution: {integrity: sha512-l6vmKVPnbS0RhVMbyxP5meAARsbhCnBN4fy31qz0+3a6Rv4jEqfzDrT89y6ZPkCi0AJGnwp2En528yXo401Hpw==}
    engines: {node: '>=20.9.0'}
    cpu: [riscv64]
    os: [linux]

  '@img/sharp-linux-s390x@0.35.0':
    resolution: {integrity: sha512-MYlMiPFiv/EKPAHnp3yNZ9AAWFsxga9c5Bkc6wkar6bqzHLlkGVJHRm0u1ei+VXnZxp3Mz9MG9ZIsI8vSOf3sQ==}
    engines: {node: '>=20.9.0'}
    cpu: [s390x]
    os: [linux]

  '@img/sharp-linux-x64@0.35.0':
    resolution: {integrity: sha512-TYaItB5oj1ioXjhyn2xrR208vf+YuIIcHptQWRRaBmFhvIvL9D72DXN8w75xup0KXA8UdEAhQ9Qb2S49FD/9Cw==}
    engines: {node: '>=20.9.0'}
    cpu: [x64]
    os: [linux]

  '@img/sharp-linuxmusl-arm64@0.35.0':
    resolution: {integrity: sha512-DSTb6ijQzqe6DdAaOBVqJ/SYf1vO8EW5bK6X6LRXufEBebf2722VCdvBUtZ3rtV0x2ApfPNDy/p7LrrjaWjiyQ==}
    engines: {node: '>=20.9.0'}
    cpu: [arm64]
    os: [linux]

  '@img/sharp-linuxmusl-x64@0.35.0':
    resolution: {integrity: sha512-K7ykQ+26Rt6+4BTU80AuGgTPIYX86UxiAKT4rcXX/WNTo7k1ZxpKz+TguHnwVpCqQK3B5PK0vZ0ZBe6nz/ib1w==}
    engines: {node: '>=20.9.0'}
    cpu: [x64]
    os: [linux]

  '@img/sharp-wasm32@0.35.0':
    resolution: {integrity: sha512-9woLIFORERCr+6cWu87dQ22J34EExkhc73U1kZW0c+RclQqWetoodByp4dWZ/hN8/KVmTRAx2HOnUwib8AwZdA==}
    engines: {node: '>=20.9.0'}

  '@img/sharp-webcontainers-wasm32@0.35.0':
    resolution: {integrity: sha512-t+kie1TOyaDM6Dho+f+y0VqIUNhYQaKCUahuZVi0E0frgdiaOaPsDxDW3wfKacUdaNBCnK/ZDBMg33ydvHj8uA==}
    engines: {node: '>=20.9.0'}
    cpu: [wasm32]

  '@img/sharp-win32-arm64@0.35.0':
    resolution: {integrity: sha512-M5eKxug0dabbaWgFKvPa3odNs2OpaP+81NASfGKkt4GcYXpNhSu7CaeYxWkLNV6vHmUp4hnCxnxrUyhUJhXbKA==}
    engines: {node: '>=20.9.0'}
    cpu: [arm64]
    os: [win32]

  '@img/sharp-win32-ia32@0.35.0':
    resolution: {integrity: sha512-z0+pZ03QCDvdVN0Ez9IX/yjWC19ikMlXrmdYMwYNLTh2BLPx3hXWPvyqWfquZ0BTO9O6GVOjIVoTcyyacMnWlQ==}
    engines: {node: ^20.9.0}
    cpu: [ia32]
    os: [win32]

  '@img/sharp-win32-x64@0.35.0':
    resolution: {integrity: sha512-feNnlz5ZHKr0MY1LPHvZQyJeBkbo4ctsn0D8FvA53VTw5TC63rfEL2UrWbkSBR19htSE7Mw78xYVwdJqoMWVHw==}
    engines: {node: '>=20.9.0'}
    cpu: [x64]
    os: [win32]

  '@napi-rs/canvas-android-arm64@0.1.80':
    resolution: {integrity: sha512-sk7xhN/MoXeuExlggf91pNziBxLPVUqF2CAVnB57KLG/pz7+U5TKG8eXdc3pm0d7Od0WreB6ZKLj37sX9muGOQ==}
    engines: {node: '>= 10'}
    cpu: [arm64]
    os: [android]

  '@napi-rs/canvas-android-arm64@1.0.0':
    resolution: {integrity: sha512-3hNKJObUK7JsCF9aJlVCs1J0/KE/gGfZNeK8MO1ge6bB3aicr5walGme9t9No1f/oyk9GgvdAT/rjSdsx3gbIw==}
    engines: {node: '>= 10'}
    cpu: [arm64]
    os: [android]

  '@napi-rs/canvas-darwin-arm64@0.1.80':
    resolution: {integrity: sha512-O64APRTXRUiAz0P8gErkfEr3lipLJgM6pjATwavZ22ebhjYl/SUbpgM0xcWPQBNMP1n29afAC/Us5PX1vg+JNQ==}
    engines: {node: '>= 10'}
    cpu: [arm64]
    os: [darwin]

  '@napi-rs/canvas-darwin-arm64@1.0.0':
    resolution: {integrity: sha512-ZIja19/BiGz2puhki+WUYSRriwFeFJ8Mi9eK3hZdSS85w4Y60cuEAJVhMCfKwswQkKkUtrnzdKMBuO7TupvexA==}
    engines: {node: '>= 10'}
    cpu: [arm64]
    os: [darwin]

  '@napi-rs/canvas-darwin-x64@0.1.80':
    resolution: {integrity: sha512-FqqSU7qFce0Cp3pwnTjVkKjjOtxMqRe6lmINxpIZYaZNnVI0H5FtsaraZJ36SiTHNjZlUB69/HhxNDT1Aaa9vA==}
    engines: {node: '>= 10'}
    cpu: [x64]
    os: [darwin]

  '@napi-rs/canvas-darwin-x64@1.0.0':
    resolution: {integrity: sha512-hImggWc82jqZVpEsFR9S7PE9OQYjq/H/D7vwCGB6X1jRH+UVBP1+1niJTPBOat1B154T6GKK7/kcFtoWgjgFzQ==}
    engines: {node: '>= 10'}
    cpu: [x64]
    os: [darwin]

  '@napi-rs/canvas-linux-arm-gnueabihf@0.1.80':
    resolution: {integrity: sha512-eyWz0ddBDQc7/JbAtY4OtZ5SpK8tR4JsCYEZjCE3dI8pqoWUC8oMwYSBGCYfsx2w47cQgQCgMVRVTFiiO38hHQ==}
    engines: {node: '>= 10'}
    cpu: [arm]
    os: [linux]

  '@napi-rs/canvas-linux-arm-gnueabihf@1.0.0':
    resolution: {integrity: sha512-hlJRy6d+kWLKVOG/+1rEvNQVURZ0DxxRPJsLmEWwhwiXZUJc0BF5o9esALHSEP4CoJK4wChRtj3hnyBgVx2oWA==}
    engines: {node: '>= 10'}
    cpu: [arm]
    os: [linux]

  '@napi-rs/canvas-linux-arm64-gnu@0.1.80':
    resolution: {integrity: sha512-qwA63t8A86bnxhuA/GwOkK3jvb+XTQaTiVML0vAWoHyoZYTjNs7BzoOONDgTnNtr8/yHrq64XXzUoLqDzU+Uuw==}
    engines: {node: '>= 10'}
    cpu: [arm64]
    os: [linux]

  '@napi-rs/canvas-linux-arm64-gnu@1.0.0':
    resolution: {integrity: sha512-5Hru4T3RXkosRQafcjelv7AUzw9mXqmGYsxnzeDDOWveFCJyEPMSJltvGCM+jfH98seOCbfwm9KyFg6Jm5FhAA==}
    engines: {node: '>= 10'}
    cpu: [arm64]
    os: [linux]

  '@napi-rs/canvas-linux-arm64-musl@0.1.80':
    resolution: {integrity: sha512-1XbCOz/ymhj24lFaIXtWnwv/6eFHXDrjP0jYkc6iHQ9q8oXKzUX1Lc6bu+wuGiLhGh2GS/2JlfORC5ZcXimRcg==}
    engines: {node: '>= 10'}
    cpu: [arm64]
    os: [linux]

  '@napi-rs/canvas-linux-arm64-musl@1.0.0':
    resolution: {integrity: sha512-LTUl9jS8WsLSUGaxQZKQkxfluOJRpgvBuxxdM4pYcjib+di8AU4OzQc6+L6SzGMLcKc9H0RAjojRatBhTMqYdg==}
    engines: {node: '>= 10'}
    cpu: [arm64]
    os: [linux]

  '@napi-rs/canvas-linux-riscv64-gnu@0.1.80':
    resolution: {integrity: sha512-XTzR125w5ZMs0lJcxRlS1K3P5RaZ9RmUsPtd1uGt+EfDyYMu4c6SEROYsxyatbbu/2+lPe7MPHOO/0a0x7L/gw==}
    engines: {node: '>= 10'}
    cpu: [riscv64]
    os: [linux]

  '@napi-rs/canvas-linux-riscv64-gnu@1.0.0':
    resolution: {integrity: sha512-Iz931SAZf+WVDzpjk52Q3ffW3zw0YflFwEZMgs036Wfu1kX/LrwT9wGjsuSqyduqefUkl91/vTdAjn8hQu5ezA==}
    engines: {node: '>= 10'}
    cpu: [riscv64]
    os: [linux]

  '@napi-rs/canvas-linux-x64-gnu@0.1.80':
    resolution: {integrity: sha512-BeXAmhKg1kX3UCrJsYbdQd3hIMDH/K6HnP/pG2LuITaXhXBiNdh//TVVVVCBbJzVQaV5gK/4ZOCMrQW9mvuTqA==}
    engines: {node: '>= 10'}
    cpu: [x64]
    os: [linux]

  '@napi-rs/canvas-linux-x64-gnu@1.0.0':
    resolution: {integrity: sha512-pFEQ5eFK4JusgN1K6KkO9DKP/Hi1WMJOkF8Ch03/khTc4bFbCKkCCsJG4YcOMOW9bI4XbT2/eMAWxhO0xaWgPA==}
    engines: {node: '>= 10'}
    cpu: [x64]
    os: [linux]

  '@napi-rs/canvas-linux-x64-musl@0.1.80':
    resolution: {integrity: sha512-x0XvZWdHbkgdgucJsRxprX/4o4sEed7qo9rCQA9ugiS9qE2QvP0RIiEugtZhfLH3cyI+jIRFJHV4Fuz+1BHHMg==}
    engines: {node: '>= 10'}
    cpu: [x64]
    os: [linux]

  '@napi-rs/canvas-linux-x64-musl@1.0.0':
    resolution: {integrity: sha512-jnvr8NrLHiZ3NCiOKWqDbkI4Ah+QDrqtZ+sddPZBltEb1mQ2coSvCSJYfict+oAwcm0c970oTmVySpjKP/lnaA==}
    engines: {node: '>= 10'}
    cpu: [x64]
    os: [linux]

  '@napi-rs/canvas-win32-arm64-msvc@1.0.0':
    resolution: {integrity: sha512-y2j9/Gfd5joqiqxdP/L1smqjQ+uAx3C4N0EC7bDHrnZEEH8ToM/OC5p3uHvtj4Lq591aHj+ArL01UDLNwT5HgQ==}
    engines: {node: '>= 10'}
    cpu: [arm64]
    os: [win32]

  '@napi-rs/canvas-win32-x64-msvc@0.1.80':
    resolution: {integrity: sha512-Z8jPsM6df5V8B1HrCHB05+bDiCxjE9QA//3YrkKIdVDEwn5RKaqOxCJDRJkl48cJbylcrJbW4HxZbTte8juuPg==}
    engines: {node: '>= 10'}
    cpu: [x64]
    os: [win32]

  '@napi-rs/canvas-win32-x64-msvc@1.0.0':
    resolution: {integrity: sha512-qwdhh9N6Gge/hC4pL9S1tQp0iKwhSl/dYjg7+RGp9k26iRGRi5MqqUyKGOXIWli0zOcuy5Y2wIH/jk2ry6i/jA==}
    engines: {node: '>= 10'}
    cpu: [x64]
    os: [win32]

  '@napi-rs/canvas@0.1.80':
    resolution: {integrity: sha512-DxuT1ClnIPts1kQx8FBmkk4BQDTfI5kIzywAaMjQSXfNnra5UFU9PwurXrl+Je3bJ6BGsp/zmshVVFbCmyI+ww==}
    engines: {node: '>= 10'}

  '@napi-rs/canvas@1.0.0':
    resolution: {integrity: sha512-Jqxcy1XOIqj+lH9sl1GT+il6GR3uQv13vI2mrwubP3uT8Olak2ClDrK2RnxlQKjwv8BRr4b3ug0YR7c6hBX8wg==}
    engines: {node: '>= 10'}

  '@types/node@25.9.3':
    resolution: {integrity: sha512-603BddQMv3pUcr4U2dhujk83N2tTDVr/34wII2B6bJy6g+8WD6yUb11jszNs0gdi4PesVWl7ABt8nYMVpnLUcg==}

  adler-32@1.3.1:
    resolution: {integrity: sha512-ynZ4w/nUUv5rrsR8UUGoe1VC9hZj6V5hU9Qw1HlMDJGEJw5S7TfTErWTjMys6M7vr0YWcPqs3qAr4ss0nDfP+A==}
    engines: {node: '>=0.8'}

  aws-ssl-profiles@1.1.2:
    resolution: {integrity: sha512-NZKeq9AfyQvEeNlN0zSYAaWrmBffJh3IELMZfRpJVWgrpEbtEpnjvzqBPf+mxoI287JohRDoa+/nsfqqiZmF6g==}
    engines: {node: '>= 6.0.0'}

  bmp-js@0.1.0:
    resolution: {integrity: sha512-vHdS19CnY3hwiNdkaqk93DvjVLfbEcI8mys4UjuWrlX1haDmroo8o4xCzh4wD6DGV6HxRCyauwhHRqMTfERtjw==}

  cfb@1.2.2:
    resolution: {integrity: sha512-KfdUZsSOw19/ObEWasvBP/Ac4reZvAGauZhs6S/gqNhXhI7cKwvlH7ulj+dOEYnca4bm4SGo8C1bTAQvnTjgQA==}
    engines: {node: '>=0.8'}

  codepage@1.15.0:
    resolution: {integrity: sha512-3g6NUTPd/YtuuGrhMnOMRjFc+LJw/bnMp3+0r/Wcz3IXUuCosKRJvMphm5+Q+bvTVGcJJuRvVLuYba+WojaFaA==}
    engines: {node: '>=0.8'}

  crc-32@1.2.2:
    resolution: {integrity: sha512-ROmzCKrTnOwybPcJApAA6WBWij23HVfGVNKqqrZpuyZOHqK2CwHSvpGuyt/UNNvaIjEd8X5IFGp4Mh+Ie1IHJQ==}
    engines: {node: '>=0.8'}
    hasBin: true

  denque@2.1.0:
    resolution: {integrity: sha512-HVQE3AAb/pxF8fQAoiqpvg9i3evqug3hoiwakOyZAwJm+6vZehbkYXZ0l4JxS+I3QxM97v5aaRNhj8v5oBhekw==}
    engines: {node: '>=0.10'}

  detect-libc@2.1.2:
    resolution: {integrity: sha512-Btj2BOOO83o3WyH59e8MgXsxEQVcarkUOpEYrubB0urwnN10yQ364rsiByU11nZlqWYZm05i/of7io4mzihBtQ==}
    engines: {node: '>=8'}

  frac@1.1.2:
    resolution: {integrity: sha512-w/XBfkibaTl3YDqASwfDUqkna4Z2p9cFSr1aHDt0WoMTECnRfBOv2WArlZILlqgWlmdIlALXGpM2AOhEk5W3IA==}
    engines: {node: '>=0.8'}

  generate-function@2.3.1:
    resolution: {integrity: sha512-eeB5GfMNeevm/GRYq20ShmsaGcmI81kIX2K9XQx5miC8KdHaC6Jm0qQ8ZNeGOi7wYB8OsdxKs+Y2oVuTFuVwKQ==}

  iconv-lite@0.7.2:
    resolution: {integrity: sha512-im9DjEDQ55s9fL4EYzOAv0yMqmMBSZp6G0VvFyTMPKWxiSBHUj9NW/qqLmXUwXrrM7AvqSlTCfvqRb0cM8yYqw==}
    engines: {node: '>=0.10.0'}

  idb-keyval@6.2.5:
    resolution: {integrity: sha512-eKQkTnS0relYsSOYomx8ozIbmdsQCKUdhyuIaQ2DZgKuaxtyQQMkyD/wlnQN32pO3yutN1b1L8uqwcDKaJd7/Q==}

  is-property@1.0.2:
    resolution: {integrity: sha512-Ks/IoX00TtClbGQr4TWXemAnktAQvYB7HzcCxDGqEZU6oCmb2INHuOoKxbtR+HFkmYWBKv/dOZtGRiAjDhj92g==}

  is-url@1.2.4:
    resolution: {integrity: sha512-ITvGim8FhRiYe4IQ5uHSkj7pVaPDrCTkNd3yq3cV7iZAcJdHTUMPMEHcqSOy9xZ9qFenQCvi+2wjH9a1nXqHww==}

  long@5.3.2:
    resolution: {integrity: sha512-mNAgZ1GmyNhD7AuqnTG3/VQ26o760+ZYBPKjPvugO8+nLbYfX6TVpJPseBvopbdY+qpZ/lKUnmEc1LeZYS3QAA==}

  lru.min@1.1.4:
    resolution: {integrity: sha512-DqC6n3QQ77zdFpCMASA1a3Jlb64Hv2N2DciFGkO/4L9+q/IpIAuRlKOvCXabtRW6cQf8usbmM6BE/TOPysCdIA==}
    engines: {bun: '>=1.0.0', deno: '>=1.30.0', node: '>=8.0.0'}

  mysql2@3.22.5:
    resolution: {integrity: sha512-95uZ2TrPWAZdwpB3vvvDbmEMcNG8yIeNCyu6GUcr/QnWEE/wXm7+mhOCsdQfWQDTV7qYT/PDUZ4U4UPP4AsXqQ==}
    engines: {node: '>= 8.0'}
    peerDependencies:
      '@types/node': '>= 8'

  named-placeholders@1.1.6:
    resolution: {integrity: sha512-Tz09sEL2EEuv5fFowm419c1+a/jSMiBjI9gHxVLrVdbUkkNUUfjsVYs9pVZu5oCon/kmRh9TfLEObFtkVxmY0w==}
    engines: {node: '>=8.0.0'}

  node-fetch@2.7.0:
    resolution: {integrity: sha512-c4FRfUm/dbcWZ7U+1Wq0AwCyFL+3nt2bEw05wfxSz+DWpWsitgmSgYmy2dQdWyKC1694ELPqMs/YzUSNozLt8A==}
    engines: {node: 4.x || >=6.0.0}
    peerDependencies:
      encoding: ^0.1.0
    peerDependenciesMeta:
      encoding:
        optional: true

  ollama@0.6.3:
    resolution: {integrity: sha512-KEWEhIqE5wtfzEIZbDCLH51VFZ6Z3ZSa6sIOg/E/tBV8S51flyqBOXi+bRxlOYKDf8i327zG9eSTb8IJxvm3Zg==}

  opencollective-postinstall@2.0.3:
    resolution: {integrity: sha512-8AV/sCtuzUeTo8gQK5qDZzARrulB3egtLzFgteqB2tcT4Mw7B8Kt7JcDHmltjz6FOAHsvTevk70gZEbhM4ZS9Q==}
    hasBin: true

  pdf-parse@2.4.5:
    resolution: {integrity: sha512-mHU89HGh7v+4u2ubfnevJ03lmPgQ5WU4CxAVmTSh/sxVTEDYd1er/dKS/A6vg77NX47KTEoihq8jZBLr8Cxuwg==}
    engines: {node: '>=20.16.0 <21 || >=22.3.0'}
    hasBin: true

  pdf-poppler@0.2.3:
    resolution: {integrity: sha512-nUczP3M/W4c8/3F6il0LmkxkF33qTKQyxeBmUnPbQLxxhtBX42zfpZqnLysomvMdb756qVR7n5kvNr+LzisXQw==}

  pdfjs-dist@5.4.296:
    resolution: {integrity: sha512-DlOzet0HO7OEnmUmB6wWGJrrdvbyJKftI1bhMitK7O2N8W2gc757yyYBbINy9IDafXAV9wmKr9t7xsTaNKRG5Q==}
    engines: {node: '>=20.16.0 || >=22.3.0'}

  pdfjs-dist@6.0.227:
    resolution: {integrity: sha512-/P6M4SXw+70waMVLUM7rdRtvo+dEzqE1t6W/zQNvBETo2MaRa5rrvCcAYdfWGiUzadTgM0lJmRApUrW0d9zgKg==}
    engines: {node: '>=22.13.0 || >=24'}

  regenerator-runtime@0.13.11:
    resolution: {integrity: sha512-kY1AZVr2Ra+t+piVaJ4gxaFaReZVH40AKNo7UCX6W+dEwBo/2oZJzqfuN1qLq1oL45o56cPaTXELwrTh8Fpggg==}

  safer-buffer@2.1.2:
    resolution: {integrity: sha512-YZo3K82SD7Riyi0E1EQPojLz7kpepnSQI9IyPbHHg1XXXevb5dJI7tpyN2ADxGcQbHG7vcyRHk0cbwqcQriUtg==}

  semver@7.8.4:
    resolution: {integrity: sha512-rUCObTnP32Q08R2uuIrt7r9PlEonuTmtuXYcW6s5kjdlj3xbnwe+21yXptAUYcMAABLkYYTtnmzb3w3EDZfueA==}
    engines: {node: '>=10'}
    hasBin: true

  sharp@0.35.0:
    resolution: {integrity: sha512-BqvG5XbwPZ4NV0DK90d86leEECMsoa8bO0nqnKWlBDYxri4GJ7c4EDInaF6q20lTh/mATmnDIKWJFfXnoVfH5g==}
    engines: {node: '>=20.9.0'}

  sql-escaper@1.3.3:
    resolution: {integrity: sha512-BsTCV265VpTp8tm1wyIm1xqQCS+Q9NHx2Sr+WcnUrgLrQ6yiDIvHYJV5gHxsj1lMBy2zm5twLaZao8Jd+S8JJw==}
    engines: {bun: '>=1.0.0', deno: '>=2.0.0', node: '>=12.0.0'}

  ssf@0.11.2:
    resolution: {integrity: sha512-+idbmIXoYET47hH+d7dfm2epdOMUDjqcB4648sTZ+t2JwoyBFL/insLfB/racrDmsKB3diwsDA696pZMieAC5g==}
    engines: {node: '>=0.8'}

  tesseract.js-core@7.0.0:
    resolution: {integrity: sha512-WnNH518NzmbSq9zgTPeoF8c+xmilS8rFIl1YKbk/ptuuc7p6cLNELNuPAzcmsYw450ca6bLa8j3t0VAtq435Vw==}

  tesseract.js@7.0.0:
    resolution: {integrity: sha512-exPBkd+z+wM1BuMkx/Bjv43OeLBxhL5kKWsz/9JY+DXcXdiBjiAch0V49QR3oAJqCaL5qURE0vx9Eo+G5YE7mA==}

  tr46@0.0.3:
    resolution: {integrity: sha512-N3WMsuqV66lT30CrXNbEjx4GEwlow3v6rr4mCcv6prnfwhS01rkgyFdjPNBYd9br7LpXV1+Emh01fHnq2Gdgrw==}

  tslib@2.8.1:
    resolution: {integrity: sha512-oJFu94HQb+KVduSUQL7wnpmqnfmLsOA/nAh6b6EH0wCEoK0/mPeXU6c3wKDV83MkOuHPRHtSXKKU99IBazS/2w==}

  undici-types@7.24.6:
    resolution: {integrity: sha512-WRNW+sJgj5OBN4/0JpHFqtqzhpbnV0GuB+OozA9gCL7a993SmU+1JBZCzLNxYsbMfIeDL+lTsphD5jN5N+n0zg==}

  wasm-feature-detect@1.8.0:
    resolution: {integrity: sha512-zksaLKM2fVlnB5jQQDqKXXwYHLQUVH9es+5TOOHwGOVJOCeRBCiPjwSg+3tN2AdTCzjgli4jijCH290kXb/zWQ==}

  webidl-conversions@3.0.1:
    resolution: {integrity: sha512-2JAn3z8AR6rjK8Sm8orRC0h/bcl/DqL7tRPdGZ4I1CjdF+EaMLmYxBHyXuKL849eucPFhvBoxMsflfOb8kxaeQ==}

  whatwg-fetch@3.6.20:
    resolution: {integrity: sha512-EqhiFU6daOA8kpjOWTL0olhVOF3i7OrFzSYiGsEMB8GcXS+RrzauAERX65xMeNWVqxA6HXH2m69Z9LaKKdisfg==}

  whatwg-url@5.0.0:
    resolution: {integrity: sha512-saE57nupxk6v3HY35+jzBwYa0rKSy0XR8JSxZPwgLr7ys0IBzhGviA1/TUGJLmSVqs8pb9AnvICXEuOHLprYTw==}

  wmf@1.0.2:
    resolution: {integrity: sha512-/p9K7bEh0Dj6WbXg4JG0xvLQmIadrner1bi45VMJTfnbVHsc7yIajZyoSoK60/dtVBs12Fm6WkUI5/3WAVsNMw==}
    engines: {node: '>=0.8'}

  word@0.3.0:
    resolution: {integrity: sha512-OELeY0Q61OXpdUfTp+oweA/vtLVg5VDOXh+3he3PNzLGG/y0oylSOC1xRVj0+l4vQ3tj/bB1HVHv1ocXkQceFA==}
    engines: {node: '>=0.8'}

  xlsx@0.18.5:
    resolution: {integrity: sha512-dmg3LCjBPHZnQp5/F/+nnTa+miPJxUXB6vtk42YjBBKayDNagxGEeIdWApkYPOf3Z3pm3k62Knjzp7lMeTEtFQ==}
    engines: {node: '>=0.8'}
    hasBin: true

  zlibjs@0.3.1:
    resolution: {integrity: sha512-+J9RrgTKOmlxFSDHo0pI1xM6BLVUv+o0ZT9ANtCxGkjIVCCUdx9alUF8Gm+dGLKbkkkidWIHFDZHDMpfITt4+w==}

snapshots:

  '@emnapi/runtime@1.11.0':
    dependencies:
      tslib: 2.8.1
    optional: true

  '@img/colour@1.1.0': {}

  '@img/sharp-darwin-arm64@0.35.0':
    optionalDependencies:
      '@img/sharp-libvips-darwin-arm64': 1.3.0
    optional: true

  '@img/sharp-darwin-x64@0.35.0':
    optionalDependencies:
      '@img/sharp-libvips-darwin-x64': 1.3.0
    optional: true

  '@img/sharp-freebsd-wasm32@0.35.0':
    dependencies:
      '@img/sharp-wasm32': 0.35.0
    optional: true

  '@img/sharp-libvips-darwin-arm64@1.3.0':
    optional: true

  '@img/sharp-libvips-darwin-x64@1.3.0':
    optional: true

  '@img/sharp-libvips-linux-arm64@1.3.0':
    optional: true

  '@img/sharp-libvips-linux-arm@1.3.0':
    optional: true

  '@img/sharp-libvips-linux-ppc64@1.3.0':
    optional: true

  '@img/sharp-libvips-linux-riscv64@1.3.0':
    optional: true

  '@img/sharp-libvips-linux-s390x@1.3.0':
    optional: true

  '@img/sharp-libvips-linux-x64@1.3.0':
    optional: true

  '@img/sharp-libvips-linuxmusl-arm64@1.3.0':
    optional: true

  '@img/sharp-libvips-linuxmusl-x64@1.3.0':
    optional: true

  '@img/sharp-linux-arm64@0.35.0':
    optionalDependencies:
      '@img/sharp-libvips-linux-arm64': 1.3.0
    optional: true

  '@img/sharp-linux-arm@0.35.0':
    optionalDependencies:
      '@img/sharp-libvips-linux-arm': 1.3.0
    optional: true

  '@img/sharp-linux-ppc64@0.35.0':
    optionalDependencies:
      '@img/sharp-libvips-linux-ppc64': 1.3.0
    optional: true

  '@img/sharp-linux-riscv64@0.35.0':
    optionalDependencies:
      '@img/sharp-libvips-linux-riscv64': 1.3.0
    optional: true

  '@img/sharp-linux-s390x@0.35.0':
    optionalDependencies:
      '@img/sharp-libvips-linux-s390x': 1.3.0
    optional: true

  '@img/sharp-linux-x64@0.35.0':
    optionalDependencies:
      '@img/sharp-libvips-linux-x64': 1.3.0
    optional: true

  '@img/sharp-linuxmusl-arm64@0.35.0':
    optionalDependencies:
      '@img/sharp-libvips-linuxmusl-arm64': 1.3.0
    optional: true

  '@img/sharp-linuxmusl-x64@0.35.0':
    optionalDependencies:
      '@img/sharp-libvips-linuxmusl-x64': 1.3.0
    optional: true

  '@img/sharp-wasm32@0.35.0':
    dependencies:
      '@emnapi/runtime': 1.11.0
    optional: true

  '@img/sharp-webcontainers-wasm32@0.35.0':
    dependencies:
      '@img/sharp-wasm32': 0.35.0
    optional: true

  '@img/sharp-win32-arm64@0.35.0':
    optional: true

  '@img/sharp-win32-ia32@0.35.0':
    optional: true

  '@img/sharp-win32-x64@0.35.0':
    optional: true

  '@napi-rs/canvas-android-arm64@0.1.80':
    optional: true

  '@napi-rs/canvas-android-arm64@1.0.0':
    optional: true

  '@napi-rs/canvas-darwin-arm64@0.1.80':
    optional: true

  '@napi-rs/canvas-darwin-arm64@1.0.0':
    optional: true

  '@napi-rs/canvas-darwin-x64@0.1.80':
    optional: true

  '@napi-rs/canvas-darwin-x64@1.0.0':
    optional: true

  '@napi-rs/canvas-linux-arm-gnueabihf@0.1.80':
    optional: true

  '@napi-rs/canvas-linux-arm-gnueabihf@1.0.0':
    optional: true

  '@napi-rs/canvas-linux-arm64-gnu@0.1.80':
    optional: true

  '@napi-rs/canvas-linux-arm64-gnu@1.0.0':
    optional: true

  '@napi-rs/canvas-linux-arm64-musl@0.1.80':
    optional: true

  '@napi-rs/canvas-linux-arm64-musl@1.0.0':
    optional: true

  '@napi-rs/canvas-linux-riscv64-gnu@0.1.80':
    optional: true

  '@napi-rs/canvas-linux-riscv64-gnu@1.0.0':
    optional: true

  '@napi-rs/canvas-linux-x64-gnu@0.1.80':
    optional: true

  '@napi-rs/canvas-linux-x64-gnu@1.0.0':
    optional: true

  '@napi-rs/canvas-linux-x64-musl@0.1.80':
    optional: true

  '@napi-rs/canvas-linux-x64-musl@1.0.0':
    optional: true

  '@napi-rs/canvas-win32-arm64-msvc@1.0.0':
    optional: true

  '@napi-rs/canvas-win32-x64-msvc@0.1.80':
    optional: true

  '@napi-rs/canvas-win32-x64-msvc@1.0.0':
    optional: true

  '@napi-rs/canvas@0.1.80':
    optionalDependencies:
      '@napi-rs/canvas-android-arm64': 0.1.80
      '@napi-rs/canvas-darwin-arm64': 0.1.80
      '@napi-rs/canvas-darwin-x64': 0.1.80
      '@napi-rs/canvas-linux-arm-gnueabihf': 0.1.80
      '@napi-rs/canvas-linux-arm64-gnu': 0.1.80
      '@napi-rs/canvas-linux-arm64-musl': 0.1.80
      '@napi-rs/canvas-linux-riscv64-gnu': 0.1.80
      '@napi-rs/canvas-linux-x64-gnu': 0.1.80
      '@napi-rs/canvas-linux-x64-musl': 0.1.80
      '@napi-rs/canvas-win32-x64-msvc': 0.1.80

  '@napi-rs/canvas@1.0.0':
    optionalDependencies:
      '@napi-rs/canvas-android-arm64': 1.0.0
      '@napi-rs/canvas-darwin-arm64': 1.0.0
      '@napi-rs/canvas-darwin-x64': 1.0.0
      '@napi-rs/canvas-linux-arm-gnueabihf': 1.0.0
      '@napi-rs/canvas-linux-arm64-gnu': 1.0.0
      '@napi-rs/canvas-linux-arm64-musl': 1.0.0
      '@napi-rs/canvas-linux-riscv64-gnu': 1.0.0
      '@napi-rs/canvas-linux-x64-gnu': 1.0.0
      '@napi-rs/canvas-linux-x64-musl': 1.0.0
      '@napi-rs/canvas-win32-arm64-msvc': 1.0.0
      '@napi-rs/canvas-win32-x64-msvc': 1.0.0
    optional: true

  '@types/node@25.9.3':
    dependencies:
      undici-types: 7.24.6

  adler-32@1.3.1: {}

  aws-ssl-profiles@1.1.2: {}

  bmp-js@0.1.0: {}

  cfb@1.2.2:
    dependencies:
      adler-32: 1.3.1
      crc-32: 1.2.2

  codepage@1.15.0: {}

  crc-32@1.2.2: {}

  denque@2.1.0: {}

  detect-libc@2.1.2: {}

  frac@1.1.2: {}

  generate-function@2.3.1:
    dependencies:
      is-property: 1.0.2

  iconv-lite@0.7.2:
    dependencies:
      safer-buffer: 2.1.2

  idb-keyval@6.2.5: {}

  is-property@1.0.2: {}

  is-url@1.2.4: {}

  long@5.3.2: {}

  lru.min@1.1.4: {}

  mysql2@3.22.5(@types/node@25.9.3):
    dependencies:
      '@types/node': 25.9.3
      aws-ssl-profiles: 1.1.2
      denque: 2.1.0
      generate-function: 2.3.1
      iconv-lite: 0.7.2
      long: 5.3.2
      lru.min: 1.1.4
      named-placeholders: 1.1.6
      sql-escaper: 1.3.3

  named-placeholders@1.1.6:
    dependencies:
      lru.min: 1.1.4

  node-fetch@2.7.0:
    dependencies:
      whatwg-url: 5.0.0

  ollama@0.6.3:
    dependencies:
      whatwg-fetch: 3.6.20

  opencollective-postinstall@2.0.3: {}

  pdf-parse@2.4.5:
    dependencies:
      '@napi-rs/canvas': 0.1.80
      pdfjs-dist: 5.4.296

  pdf-poppler@0.2.3: {}

  pdfjs-dist@5.4.296:
    optionalDependencies:
      '@napi-rs/canvas': 0.1.80

  pdfjs-dist@6.0.227:
    optionalDependencies:
      '@napi-rs/canvas': 1.0.0

  regenerator-runtime@0.13.11: {}

  safer-buffer@2.1.2: {}

  semver@7.8.4: {}

  sharp@0.35.0:
    dependencies:
      '@img/colour': 1.1.0
      detect-libc: 2.1.2
      semver: 7.8.4
    optionalDependencies:
      '@img/sharp-darwin-arm64': 0.35.0
      '@img/sharp-darwin-x64': 0.35.0
      '@img/sharp-freebsd-wasm32': 0.35.0
      '@img/sharp-libvips-darwin-arm64': 1.3.0
      '@img/sharp-libvips-darwin-x64': 1.3.0
      '@img/sharp-libvips-linux-arm': 1.3.0
      '@img/sharp-libvips-linux-arm64': 1.3.0
      '@img/sharp-libvips-linux-ppc64': 1.3.0
      '@img/sharp-libvips-linux-riscv64': 1.3.0
      '@img/sharp-libvips-linux-s390x': 1.3.0
      '@img/sharp-libvips-linux-x64': 1.3.0
      '@img/sharp-libvips-linuxmusl-arm64': 1.3.0
      '@img/sharp-libvips-linuxmusl-x64': 1.3.0
      '@img/sharp-linux-arm': 0.35.0
      '@img/sharp-linux-arm64': 0.35.0
      '@img/sharp-linux-ppc64': 0.35.0
      '@img/sharp-linux-riscv64': 0.35.0
      '@img/sharp-linux-s390x': 0.35.0
      '@img/sharp-linux-x64': 0.35.0
      '@img/sharp-linuxmusl-arm64': 0.35.0
      '@img/sharp-linuxmusl-x64': 0.35.0
      '@img/sharp-webcontainers-wasm32': 0.35.0
      '@img/sharp-win32-arm64': 0.35.0
      '@img/sharp-win32-ia32': 0.35.0
      '@img/sharp-win32-x64': 0.35.0

  sql-escaper@1.3.3: {}

  ssf@0.11.2:
    dependencies:
      frac: 1.1.2

  tesseract.js-core@7.0.0: {}

  tesseract.js@7.0.0:
    dependencies:
      bmp-js: 0.1.0
      idb-keyval: 6.2.5
      is-url: 1.2.4
      node-fetch: 2.7.0
      opencollective-postinstall: 2.0.3
      regenerator-runtime: 0.13.11
      tesseract.js-core: 7.0.0
      wasm-feature-detect: 1.8.0
      zlibjs: 0.3.1
    transitivePeerDependencies:
      - encoding

  tr46@0.0.3: {}

  tslib@2.8.1:
    optional: true

  undici-types@7.24.6: {}

  wasm-feature-detect@1.8.0: {}

  webidl-conversions@3.0.1: {}

  whatwg-fetch@3.6.20: {}

  whatwg-url@5.0.0:
    dependencies:
      tr46: 0.0.3
      webidl-conversions: 3.0.1

  wmf@1.0.2: {}

  word@0.3.0: {}

  xlsx@0.18.5:
    dependencies:
      adler-32: 1.3.1
      cfb: 1.2.2
      codepage: 1.15.0
      crc-32: 1.2.2
      ssf: 0.11.2
      wmf: 1.0.2
      word: 0.3.0

  zlibjs@0.3.1: {}
